
Microsoft Visual Studio Solution File, Format Version 12.00
# Visual Studio Version 16
VisualStudioVersion = 25.0.1706.14
MinimumVisualStudioVersion = 10.0.40219.1
Project("{FAE04EC0-301F-11D3-BF4B-00C04F79EFBC}") = "Fall2024-Assignment1-cbprice", "Fall2024-Assignment1-mdmay1\Fall2024-Assignment1-cbprice.csproj", "{3F8A468C-5C83-47AA-AB2F-B4E5B7E3CE45}"
EndProject
Global
	GlobalSection(SolutionConfigurationPlatforms) = preSolution
		Debug|Any CPU = Debug|Any CPU
		Release|Any CPU = Release|Any CPU
	EndGlobalSection
	GlobalSection(ProjectConfigurationPlatforms) = postSolution
		{3F8A468C-5C83-47AA-AB2F-B4E5B7E3CE45}.Debug|Any CPU.ActiveCfg = Debug|Any CPU
		{3F8A468C-5C83-47AA-AB2F-B4E5B7E3CE45}.Debug|Any CPU.Build.0 = Debug|Any CPU
		{3F8A468C-5C83-47AA-AB2F-B4E5B7E3CE45}.Release|Any CPU.ActiveCfg = Release|Any CPU
		{3F8A468C-5C83-47AA-AB2F-B4E5B7E3CE45}.Release|Any CPU.Build.0 = Release|Any CPU
	EndGlobalSection
	GlobalSection(SolutionProperties) = preSolution
		HideSolutionNode = FALSE
	EndGlobalSection
	GlobalSection(ExtensibilityGlobals) = postSolution
		SolutionGuid = {AB6E1DFE-4C26-4AE9-AA1A-B1411BF0FEA6}
	EndGlobalSection
EndGlobal
